
Microsoft Visual Studio Solution File, Format Version 12.00
# Visual Studio Version 17
VisualStudioVersion = 17.7.34024.191
MinimumVisualStudioVersion = 10.0.40219.1
Project("{FAE04EC0-301F-11D3-BF4B-00C04F79EFBC}") = "hospitalCharges", "hospitalCharges\hospitalCharges.csproj", "{936C35EF-2CBE-484F-8C24-D26DCCA397EC}"
EndProject
Global
	GlobalSection(SolutionConfigurationPlatforms) = preSolution
		Debug|Any CPU = Debug|Any CPU
		Release|Any CPU = Release|Any CPU
	EndGlobalSection
	GlobalSection(ProjectConfigurationPlatforms) = postSolution
		{936C35EF-2CBE-484F-8C24-D26DCCA397EC}.Debug|Any CPU.ActiveCfg = Debug|Any CPU
		{936C35EF-2CBE-484F-8C24-D26DCCA397EC}.Debug|Any CPU.Build.0 = Debug|Any CPU
		{936C35EF-2CBE-484F-8C24-D26DCCA397EC}.Release|Any CPU.ActiveCfg = Release|Any CPU
		{936C35EF-2CBE-484F-8C24-D26DCCA397EC}.Release|Any CPU.Build.0 = Release|Any CPU
	EndGlobalSection
	GlobalSection(SolutionProperties) = preSolution
		HideSolutionNode = FALSE
	EndGlobalSection
	GlobalSection(ExtensibilityGlobals) = postSolution
		SolutionGuid = {DC49EA86-CA21-4AA5-B3DB-44EBE4EFEC52}
	EndGlobalSection
EndGlobal
